
Microsoft Visual Studio Solution File, Format Version 12.00
# Visual Studio Version 17
VisualStudioVersion = 17.1.32319.34
MinimumVisualStudioVersion = 10.0.40219.1
Project("{FAE04EC0-301F-11D3-BF4B-00C04F79EFBC}") = "indexer", "indexer\indexer.csproj", "{294F912C-ABAC-4E82-B052-C91B2AE5DFED}"
EndProject
Global
	GlobalSection(SolutionConfigurationPlatforms) = preSolution
		Debug|Any CPU = Debug|Any CPU
		Release|Any CPU = Release|Any CPU
	EndGlobalSection
	GlobalSection(ProjectConfigurationPlatforms) = postSolution
		{294F912C-ABAC-4E82-B052-C91B2AE5DFED}.Debug|Any CPU.ActiveCfg = Debug|Any CPU
		{294F912C-ABAC-4E82-B052-C91B2AE5DFED}.Debug|Any CPU.Build.0 = Debug|Any CPU
		{294F912C-ABAC-4E82-B052-C91B2AE5DFED}.Release|Any CPU.ActiveCfg = Release|Any CPU
		{294F912C-ABAC-4E82-B052-C91B2AE5DFED}.Release|Any CPU.Build.0 = Release|Any CPU
	EndGlobalSection
	GlobalSection(SolutionProperties) = preSolution
		HideSolutionNode = FALSE
	EndGlobalSection
	GlobalSection(ExtensibilityGlobals) = postSolution
		SolutionGuid = {53F3BBDF-4362-4948-B905-702833A09E0C}
	EndGlobalSection
EndGlobal
